
Microsoft Visual Studio Solution File, Format Version 12.00
# Visual Studio Version 17
VisualStudioVersion = 17.4.33213.308
MinimumVisualStudioVersion = 10.0.40219.1
Project("{FAE04EC0-301F-11D3-BF4B-00C04F79EFBC}") = "JevilSim", "JevilSim.csproj", "{629ABAFD-FA7C-44D1-BC5B-1409F446DF8E}"
EndProject
Global
	GlobalSection(SolutionConfigurationPlatforms) = preSolution
		Debug|Any CPU = Debug|Any CPU
		Release|Any CPU = Release|Any CPU
	EndGlobalSection
	GlobalSection(ProjectConfigurationPlatforms) = postSolution
		{629ABAFD-FA7C-44D1-BC5B-1409F446DF8E}.Debug|Any CPU.ActiveCfg = Debug|Any CPU
		{629ABAFD-FA7C-44D1-BC5B-1409F446DF8E}.Debug|Any CPU.Build.0 = Debug|Any CPU
		{629ABAFD-FA7C-44D1-BC5B-1409F446DF8E}.Release|Any CPU.ActiveCfg = Release|Any CPU
		{629ABAFD-FA7C-44D1-BC5B-1409F446DF8E}.Release|Any CPU.Build.0 = Release|Any CPU
	EndGlobalSection
	GlobalSection(SolutionProperties) = preSolution
		HideSolutionNode = FALSE
	EndGlobalSection
	GlobalSection(ExtensibilityGlobals) = postSolution
		SolutionGuid = {81122D24-336A-4549-864D-2C5C4260D07E}
	EndGlobalSection
EndGlobal
